<Solution>
  <Folder Name="/Exo_1_Class/">
    <Project Path="Exo_1/Exo_1.csproj" />
  </Folder>
  <Folder Name="/Exo_2_Indexeur/">
    <Project Path="Exo_2/Exo_2.csproj" Id="d3a6b26e-1fde-4f5d-aac0-c6f8efb49968" />
  </Folder>
  <Folder Name="/ToDoList/">
    <Project Path="ToDoList/ToDoList.csproj" Id="123ade01-e253-463d-8000-3a28de8869a4" />
  </Folder>
</Solution>
